
Microsoft Visual Studio Solution File, Format Version 12.00
# Visual Studio Version 17
VisualStudioVersion = 17.6.33829.357
MinimumVisualStudioVersion = 10.0.40219.1
Project("{FAE04EC0-301F-11D3-BF4B-00C04F79EFBC}") = "Api_Sample", "Api_Sample\Api_Sample.csproj", "{DFD81D97-2879-4525-87A9-B7400FEF1519}"
EndProject
Global
	GlobalSection(SolutionConfigurationPlatforms) = preSolution
		Debug|Any CPU = Debug|Any CPU
		Release|Any CPU = Release|Any CPU
	EndGlobalSection
	GlobalSection(ProjectConfigurationPlatforms) = postSolution
		{DFD81D97-2879-4525-87A9-B7400FEF1519}.Debug|Any CPU.ActiveCfg = Debug|Any CPU
		{DFD81D97-2879-4525-87A9-B7400FEF1519}.Debug|Any CPU.Build.0 = Debug|Any CPU
		{DFD81D97-2879-4525-87A9-B7400FEF1519}.Release|Any CPU.ActiveCfg = Release|Any CPU
		{DFD81D97-2879-4525-87A9-B7400FEF1519}.Release|Any CPU.Build.0 = Release|Any CPU
	EndGlobalSection
	GlobalSection(SolutionProperties) = preSolution
		HideSolutionNode = FALSE
	EndGlobalSection
	GlobalSection(ExtensibilityGlobals) = postSolution
		SolutionGuid = {BB962812-16FE-418B-8371-AD697D802B3C}
	EndGlobalSection
EndGlobal
